
Microsoft Visual Studio Solution File, Format Version 12.00
# Visual Studio Version 16
VisualStudioVersion = 16.0.29806.167
MinimumVisualStudioVersion = 10.0.40219.1
Project("{FAE04EC0-301F-11D3-BF4B-00C04F79EFBC}") = "ImagePasswordManager.Ui", "ImagePasswordManager.Ui\ImagePasswordManager.Ui.csproj", "{C7A67A9C-5258-4CA5-9FED-5A44FD609785}"
EndProject
Project("{FAE04EC0-301F-11D3-BF4B-00C04F79EFBC}") = "ImagePasswordManager.Encryption", "ImagePasswordManager.Encryption\ImagePasswordManager.Encryption.csproj", "{7D0CDA81-13F7-447C-AEEE-2A6BF419141F}"
EndProject
Global
	GlobalSection(SolutionConfigurationPlatforms) = preSolution
		Debug|Any CPU = Debug|Any CPU
		Release|Any CPU = Release|Any CPU
	EndGlobalSection
	GlobalSection(ProjectConfigurationPlatforms) = postSolution
		{4E5EB148-C672-455A-B614-81FD89F0468F}.Debug|Any CPU.ActiveCfg = Debug|Any CPU
		{4E5EB148-C672-455A-B614-81FD89F0468F}.Debug|Any CPU.Build.0 = Debug|Any CPU
		{4E5EB148-C672-455A-B614-81FD89F0468F}.Release|Any CPU.ActiveCfg = Release|Any CPU
		{4E5EB148-C672-455A-B614-81FD89F0468F}.Release|Any CPU.Build.0 = Release|Any CPU
		{C7A67A9C-5258-4CA5-9FED-5A44FD609785}.Debug|Any CPU.ActiveCfg = Debug|Any CPU
		{C7A67A9C-5258-4CA5-9FED-5A44FD609785}.Debug|Any CPU.Build.0 = Debug|Any CPU
		{C7A67A9C-5258-4CA5-9FED-5A44FD609785}.Release|Any CPU.ActiveCfg = Release|Any CPU
		{C7A67A9C-5258-4CA5-9FED-5A44FD609785}.Release|Any CPU.Build.0 = Release|Any CPU
		{7D0CDA81-13F7-447C-AEEE-2A6BF419141F}.Debug|Any CPU.ActiveCfg = Debug|Any CPU
		{7D0CDA81-13F7-447C-AEEE-2A6BF419141F}.Debug|Any CPU.Build.0 = Debug|Any CPU
		{7D0CDA81-13F7-447C-AEEE-2A6BF419141F}.Release|Any CPU.ActiveCfg = Release|Any CPU
		{7D0CDA81-13F7-447C-AEEE-2A6BF419141F}.Release|Any CPU.Build.0 = Release|Any CPU
	EndGlobalSection
	GlobalSection(SolutionProperties) = preSolution
		HideSolutionNode = FALSE
	EndGlobalSection
	GlobalSection(ExtensibilityGlobals) = postSolution
		SolutionGuid = {AD3FC159-7B68-4C8A-9BAF-EAC95F22E748}
	EndGlobalSection
EndGlobal
